
Microsoft Visual Studio Solution File, Format Version 12.00
# Visual Studio Version 17
VisualStudioVersion = 17.2.32519.379
MinimumVisualStudioVersion = 10.0.40219.1
Project("{FAE04EC0-301F-11D3-BF4B-00C04F79EFBC}") = "RemoteShutdown", "RemoteShutdown\RemoteShutdown.csproj", "{37DFDD68-F8FC-492F-86C3-2778A297233E}"
EndProject
Global
	GlobalSection(SolutionConfigurationPlatforms) = preSolution
		Debug|Any CPU = Debug|Any CPU
		Release|Any CPU = Release|Any CPU
	EndGlobalSection
	GlobalSection(ProjectConfigurationPlatforms) = postSolution
		{37DFDD68-F8FC-492F-86C3-2778A297233E}.Debug|Any CPU.ActiveCfg = Debug|Any CPU
		{37DFDD68-F8FC-492F-86C3-2778A297233E}.Debug|Any CPU.Build.0 = Debug|Any CPU
		{37DFDD68-F8FC-492F-86C3-2778A297233E}.Release|Any CPU.ActiveCfg = Release|Any CPU
		{37DFDD68-F8FC-492F-86C3-2778A297233E}.Release|Any CPU.Build.0 = Release|Any CPU
	EndGlobalSection
	GlobalSection(SolutionProperties) = preSolution
		HideSolutionNode = FALSE
	EndGlobalSection
	GlobalSection(ExtensibilityGlobals) = postSolution
		SolutionGuid = {4795C184-DFDE-40DB-BC57-6A93810A49A1}
	EndGlobalSection
EndGlobal
